
Microsoft Visual Studio Solution File, Format Version 12.00
# Visual Studio 2012
Project("{FAE04EC0-301F-11D3-BF4B-00C04F79EFBC}") = "Amalgamate", "Amalgamate\Amalgamate.csproj", "{2CDC91F6-3903-4E41-8FD9-092C5FF7FFF2}"
EndProject
Global
	GlobalSection(SolutionConfigurationPlatforms) = preSolution
		Debug|Any CPU = Debug|Any CPU
		Release|Any CPU = Release|Any CPU
	EndGlobalSection
	GlobalSection(ProjectConfigurationPlatforms) = postSolution
		{2CDC91F6-3903-4E41-8FD9-092C5FF7FFF2}.Debug|Any CPU.ActiveCfg = Debug|Any CPU
		{2CDC91F6-3903-4E41-8FD9-092C5FF7FFF2}.Debug|Any CPU.Build.0 = Debug|Any CPU
		{2CDC91F6-3903-4E41-8FD9-092C5FF7FFF2}.Release|Any CPU.ActiveCfg = Release|Any CPU
		{2CDC91F6-3903-4E41-8FD9-092C5FF7FFF2}.Release|Any CPU.Build.0 = Release|Any CPU
	EndGlobalSection
	GlobalSection(SolutionProperties) = preSolution
		HideSolutionNode = FALSE
	EndGlobalSection
EndGlobal
